
Microsoft Visual Studio Solution File, Format Version 12.00
# Visual Studio Version 16
VisualStudioVersion = 16.0.29326.143
MinimumVisualStudioVersion = 10.0.40219.1
Project("{FAE04EC0-301F-11D3-BF4B-00C04F79EFBC}") = "15-os feladat_Uvegvisszavaltas_Form", "15-os feladat_Uvegvisszavaltas_Form\15-os feladat_Uvegvisszavaltas_Form.csproj", "{141DD271-A838-484D-9E81-9FF743E87A65}"
EndProject
Global
	GlobalSection(SolutionConfigurationPlatforms) = preSolution
		Debug|Any CPU = Debug|Any CPU
		Release|Any CPU = Release|Any CPU
	EndGlobalSection
	GlobalSection(ProjectConfigurationPlatforms) = postSolution
		{141DD271-A838-484D-9E81-9FF743E87A65}.Debug|Any CPU.ActiveCfg = Debug|Any CPU
		{141DD271-A838-484D-9E81-9FF743E87A65}.Debug|Any CPU.Build.0 = Debug|Any CPU
		{141DD271-A838-484D-9E81-9FF743E87A65}.Release|Any CPU.ActiveCfg = Release|Any CPU
		{141DD271-A838-484D-9E81-9FF743E87A65}.Release|Any CPU.Build.0 = Release|Any CPU
	EndGlobalSection
	GlobalSection(SolutionProperties) = preSolution
		HideSolutionNode = FALSE
	EndGlobalSection
	GlobalSection(ExtensibilityGlobals) = postSolution
		SolutionGuid = {F9F2DAE8-FC8A-46EE-8F8F-98E5B891D1E2}
	EndGlobalSection
EndGlobal
